// !$*UTF8*$!
{
	archiveVersion = 1;
	classes = {
	};
	objectVersion = 46;
	objects = {

/* Begin PBXBuildFile section */
		BAEB44DB1BB3A8B4008A9C88 /* AppDelegate.swift in Sources */ = {isa = PBXBuildFile; fileRef = BAEB44DA1BB3A8B4008A9C88 /* AppDelegate.swift */; };
		BAEB44DD1BB3A8B4008A9C88 /* ViewController.swift in Sources */ = {isa = PBXBuildFile; fileRef = BAEB44DC1BB3A8B4008A9C88 /* ViewController.swift */; };
		BAEB44E01BB3A8B4008A9C88 /* Main.storyboard in Resources */ = {isa = PBXBuildFile; fileRef = BAEB44DE1BB3A8B4008A9C88 /* Main.storyboard */; };
		BAEB44E21BB3A8B4008A9C88 /* Assets.xcassets in Resources */ = {isa = PBXBuildFile; fileRef = BAEB44E11BB3A8B4008A9C88 /* Assets.xcassets */; };
		BAEB44E51BB3A8B4008A9C88 /* LaunchScreen.storyboard in Resources */ = {isa = PBXBuildFile; fileRef = BAEB44E31BB3A8B4008A9C88 /* LaunchScreen.storyboard */; };
		BAEB44F01BB3A8B4008A9C88 /* ViewSampleTests.swift in Sources */ = {isa = PBXBuildFile; fileRef = BAEB44EF1BB3A8B4008A9C88 /* ViewSampleTests.swift */; };
		BAEB44FB1BB3A8B4008A9C88 /* ViewSampleUITests.swift in Sources */ = {isa = PBXBuildFile; fileRef = BAEB44FA1BB3A8B4008A9C88 /* ViewSampleUITests.swift */; };
/* End PBXBuildFile section */

/* Begin PBXContainerItemProxy section */
		BAEB44EC1BB3A8B4008A9C88 /* PBXContainerItemProxy */ = {
			isa = PBXContainerItemProxy;
			containerPortal = BAEB44CF1BB3A8B3008A9C88 /* Project object */;
			proxyType = 1;
			remoteGlobalIDString = BAEB44D61BB3A8B4008A9C88;
			remoteInfo = ViewSample;
		};
		BAEB44F71BB3A8B4008A9C88 /* PBXContainerItemProxy */ = {
			isa = PBXContainerItemProxy;
			containerPortal = BAEB44CF1BB3A8B3008A9C88 /* Project object */;
			proxyType = 1;
			remoteGlobalIDString = BAEB44D61BB3A8B4008A9C88;
			remoteInfo = ViewSample;
		};
/* End PBXContainerItemProxy section */

/* Begin PBXFileReference section */
		BAEB44D71BB3A8B4008A9C88 /* ViewSample.app */ = {isa = PBXFileReference; explicitFileType = wrapper.application; includeInIndex = 0; path = ViewSample.app; sourceTree = BUILT_PRODUCTS_DIR; };
		BAEB44DA1BB3A8B4008A9C88 /* AppDelegate.swift */ = {isa = PBXFileReference; lastKnownFileType = sourcecode.swift; path = AppDelegate.swift; sourceTree = "<group>"; };
		BAEB44DC1BB3A8B4008A9C88 /* ViewController.swift */ = {isa = PBXFileReference; lastKnownFileType = sourcecode.swift; path = ViewController.swift; sourceTree = "<group>"; };
		BAEB44DF1BB3A8B4008A9C88 /* Base */ = {isa = PBXFileReference; lastKnownFileType = file.storyboard; name = Base; path = Base.lproj/Main.storyboard; sourceTree = "<group>"; };
		BAEB44E11BB3A8B4008A9C88 /* Assets.xcassets */ = {isa = PBXFileReference; lastKnownFileType = folder.assetcatalog; path = Assets.xcassets; sourceTree = "<group>"; };
		BAEB44E41BB3A8B4008A9C88 /* Base */ = {isa = PBXFileReference; lastKnownFileType = file.storyboard; name = Base; path = Base.lproj/LaunchScreen.storyboard; sourceTree = "<group>"; };
		BAEB44E61BB3A8B4008A9C88 /* Info.plist */ = {isa = PBXFileReference; lastKnownFileType = text.plist.xml; path = Info.plist; sourceTree = "<group>"; };
		BAEB44EB1BB3A8B4008A9C88 /* ViewSampleTests.xctest */ = {isa = PBXFileReference; explicitFileType = wrapper.cfbundle; includeInIndex = 0; path = ViewSampleTests.xctest; sourceTree = BUILT_PRODUCTS_DIR; };
		BAEB44EF1BB3A8B4008A9C88 /* ViewSampleTests.swift */ = {isa = PBXFileReference; lastKnownFileType = sourcecode.swift; path = ViewSampleTests.swift; sourceTree = "<group>"; };
		BAEB44F11BB3A8B4008A9C88 /* Info.plist */ = {isa = PBXFileReference; lastKnownFileType = text.plist.xml; path = Info.plist; sourceTree = "<group>"; };
		BAEB44F61BB3A8B4008A9C88 /* ViewSampleUITests.xctest */ = {isa = PBXFileReference; explicitFileType = wrapper.cfbundle; includeInIndex = 0; path = ViewSampleUITests.xctest; sourceTree = BUILT_PRODUCTS_DIR; };
		BAEB44FA1BB3A8B4008A9C88 /* ViewSampleUITests.swift */ = {isa = PBXFileReference; lastKnownFileType = sourcecode.swift; path = ViewSampleUITests.swift; sourceTree = "<group>"; };
		BAEB44FC1BB3A8B4008A9C88 /* Info.plist */ = {isa = PBXFileReference; lastKnownFileType = text.plist.xml; path = Info.plist; sourceTree = "<group>"; };
/* End PBXFileReference section */

/* Begin PBXFrameworksBuildPhase section */
		BAEB44D41BB3A8B4008A9C88 /* Frameworks */ = {
			isa = PBXFrameworksBuildPhase;
			buildActionMask = 2147483647;
			files = (
			);
			runOnlyForDeploymentPostprocessing = 0;
		};
		BAEB44E81BB3A8B4008A9C88 /* Frameworks */ = {
			isa = PBXFrameworksBuildPhase;
			buildActionMask = 2147483647;
			files = (
			);
			runOnlyForDeploymentPostprocessing = 0;
		};
		BAEB44F31BB3A8B4008A9C88 /* Frameworks */ = {
			isa = PBXFrameworksBuildPhase;
			buildActionMask = 2147483647;
			files = (
			);
			runOnlyForDeploymentPostprocessing = 0;
		};
/* End PBXFrameworksBuildPhase section */

/* Begin PBXGroup section */
		BAEB44CE1BB3A8B3008A9C88 = {
			isa = PBXGroup;
			children = (
				BAEB44D91BB3A8B4008A9C88 /* ViewSample */,
				BAEB44EE1BB3A8B4008A9C88 /* ViewSampleTests */,
				BAEB44F91BB3A8B4008A9C88 /* ViewSampleUITests */,
				BAEB44D81BB3A8B4008A9C88 /* Products */,
			);
			sourceTree = "<group>";
		};
		BAEB44D81BB3A8B4008A9C88 /* Products */ = {
			isa = PBXGroup;
			children = (
				BAEB44D71BB3A8B4008A9C88 /* ViewSample.app */,
				BAEB44EB1BB3A8B4008A9C88 /* ViewSampleTests.xctest */,
				BAEB44F61BB3A8B4008A9C88 /* ViewSampleUITests.xctest */,
			);
			name = Products;
			sourceTree = "<group>";
		};
		BAEB44D91BB3A8B4008A9C88 /* ViewSample */ = {
			isa = PBXGroup;
			children = (
				BAEB44DA1BB3A8B4008A9C88 /* AppDelegate.swift */,
				BAEB44DC1BB3A8B4008A9C88 /* ViewController.swift */,
				BAEB44DE1BB3A8B4008A9C88 /* Main.storyboard */,
				BAEB44E11BB3A8B4008A9C88 /* Assets.xcassets */,
				BAEB44E31BB3A8B4008A9C88 /* LaunchScreen.storyboard */,
				BAEB44E61BB3A8B4008A9C88 /* Info.plist */,
			);
			path = ViewSample;
			sourceTree = "<group>";
		};
		BAEB44EE1BB3A8B4008A9C88 /* ViewSampleTests */ = {
			isa = PBXGroup;
			children = (
				BAEB44EF1BB3A8B4008A9C88 /* ViewSampleTests.swift */,
				BAEB44F11BB3A8B4008A9C88 /* Info.plist */,
			);
			path = ViewSampleTests;
			sourceTree = "<group>";
		};
		BAEB44F91BB3A8B4008A9C88 /* ViewSampleUITests */ = {
			isa = PBXGroup;
			children = (
				BAEB44FA1BB3A8B4008A9C88 /* ViewSampleUITests.swift */,
				BAEB44FC1BB3A8B4008A9C88 /* Info.plist */,
			);
			path = ViewSampleUITests;
			sourceTree = "<group>";
		};
/* End PBXGroup section */

/* Begin PBXNativeTarget section */
		BAEB44D61BB3A8B4008A9C88 /* ViewSample */ = {
			isa = PBXNativeTarget;
			buildConfigurationList = BAEB44FF1BB3A8B4008A9C88 /* Build configuration list for PBXNativeTarget "ViewSample" */;
			buildPhases = (
				BAEB44D31BB3A8B4008A9C88 /* Sources */,
				BAEB44D41BB3A8B4008A9C88 /* Frameworks */,
				BAEB44D51BB3A8B4008A9C88 /* Resources */,
			);
			buildRules = (
			);
			dependencies = (
			);
			name = ViewSample;
			productName = ViewSample;
			productReference = BAEB44D71BB3A8B4008A9C88 /* ViewSample.app */;
			productType = "com.apple.product-type.application";
		};
		BAEB44EA1BB3A8B4008A9C88 /* ViewSampleTests */ = {
			isa = PBXNativeTarget;
			buildConfigurationList = BAEB45021BB3A8B4008A9C88 /* Build configuration list for PBXNativeTarget "ViewSampleTests" */;
			buildPhases = (
				BAEB44E71BB3A8B4008A9C88 /* Sources */,
				BAEB44E81BB3A8B4008A9C88 /* Frameworks */,
				BAEB44E91BB3A8B4008A9C88 /* Resources */,
			);
			buildRules = (
			);
			dependencies = (
				BAEB44ED1BB3A8B4008A9C88 /* PBXTargetDependency */,
			);
			name = ViewSampleTests;
			productName = ViewSampleTests;
			productReference = BAEB44EB1BB3A8B4008A9C88 /* ViewSampleTests.xctest */;
			productType = "com.apple.product-type.bundle.unit-test";
		};
		BAEB44F51BB3A8B4008A9C88 /* ViewSampleUITests */ = {
			isa = PBXNativeTarget;
			buildConfigurationList = BAEB45051BB3A8B4008A9C88 /* Build configuration list for PBXNativeTarget "ViewSampleUITests" */;
			buildPhases = (
				BAEB44F21BB3A8B4008A9C88 /* Sources */,
				BAEB44F31BB3A8B4008A9C88 /* Frameworks */,
				BAEB44F41BB3A8B4008A9C88 /* Resources */,
			);
			buildRules = (
			);
			dependencies = (
				BAEB44F81BB3A8B4008A9C88 /* PBXTargetDependency */,
			);
			name = ViewSampleUITests;
			productName = ViewSampleUITests;
			productReference = BAEB44F61BB3A8B4008A9C88 /* ViewSampleUITests.xctest */;
			productType = "com.apple.product-type.bundle.ui-testing";
		};
/* End PBXNativeTarget section */

/* Begin PBXProject section */
		BAEB44CF1BB3A8B3008A9C88 /* Project object */ = {
			isa = PBXProject;
			attributes = {
				LastUpgradeCheck = 0700;
				ORGANIZATIONNAME = mycompany;
				TargetAttributes = {
					BAEB44D61BB3A8B4008A9C88 = {
						CreatedOnToolsVersion = 7.0;
						DevelopmentTeam = C3XQCRVD7N;
					};
					BAEB44EA1BB3A8B4008A9C88 = {
						CreatedOnToolsVersion = 7.0;
						TestTargetID = BAEB44D61BB3A8B4008A9C88;
					};
					BAEB44F51BB3A8B4008A9C88 = {
						CreatedOnToolsVersion = 7.0;
						TestTargetID = BAEB44D61BB3A8B4008A9C88;
					};
				};
			};
			buildConfigurationList = BAEB44D21BB3A8B3008A9C88 /* Build configuration list for PBXProject "ViewSample" */;
			compatibilityVersion = "Xcode 3.2";
			developmentRegion = English;
			hasScannedForEncodings = 0;
			knownRegions = (
				en,
				Base,
			);
			mainGroup = BAEB44CE1BB3A8B3008A9C88;
			productRefGroup = BAEB44D81BB3A8B4008A9C88 /* Products */;
			projectDirPath = "";
			projectRoot = "";
			targets = (
				BAEB44D61BB3A8B4008A9C88 /* ViewSample */,
				BAEB44EA1BB3A8B4008A9C88 /* ViewSampleTests */,
				BAEB44F51BB3A8B4008A9C88 /* ViewSampleUITests */,
			);
		};
/* End PBXProject section */

/* Begin PBXResourcesBuildPhase section */
		BAEB44D51BB3A8B4008A9C88 /* Resources */ = {
			isa = PBXResourcesBuildPhase;
			buildActionMask = 2147483647;
			files = (
				BAEB44E51BB3A8B4008A9C88 /* LaunchScreen.storyboard in Resources */,
				BAEB44E21BB3A8B4008A9C88 /* Assets.xcassets in Resources */,
				BAEB44E01BB3A8B4008A9C88 /* Main.storyboard in Resources */,
			);
			runOnlyForDeploymentPostprocessing = 0;
		};
		BAEB44E91BB3A8B4008A9C88 /* Resources */ = {
			isa = PBXResourcesBuildPhase;
			buildActionMask = 2147483647;
			files = (
			);
			runOnlyForDeploymentPostprocessing = 0;
		};
		BAEB44F41BB3A8B4008A9C88 /* Resources */ = {
			isa = PBXResourcesBuildPhase;
			buildActionMask = 2147483647;
			files = (
			);
			runOnlyForDeploymentPostprocessing = 0;
		};
/* End PBXResourcesBuildPhase section */

/* Begin PBXSourcesBuildPhase section */
		BAEB44D31BB3A8B4008A9C88 /* Sources */ = {
			isa = PBXSourcesBuildPhase;
			buildActionMask = 2147483647;
			files = (
				BAEB44DD1BB3A8B4008A9C88 /* ViewController.swift in Sources */,
				BAEB44DB1BB3A8B4008A9C88 /* AppDelegate.swift in Sources */,
			);
			runOnlyForDeploymentPostprocessing = 0;
		};
		BAEB44E71BB3A8B4008A9C88 /* Sources */ = {
			isa = PBXSourcesBuildPhase;
			buildActionMask = 2147483647;
			files = (
				BAEB44F01BB3A8B4008A9C88 /* ViewSampleTests.swift in Sources */,
			);
			runOnlyForDeploymentPostprocessing = 0;
		};
		BAEB44F21BB3A8B4008A9C88 /* Sources */ = {
			isa = PBXSourcesBuildPhase;
			buildActionMask = 2147483647;
			files = (
				BAEB44FB1BB3A8B4008A9C88 /* ViewSampleUITests.swift in Sources */,
			);
			runOnlyForDeploymentPostprocessing = 0;
		};
/* End PBXSourcesBuildPhase section */

/* Begin PBXTargetDependency section */
		BAEB44ED1BB3A8B4008A9C88 /* PBXTargetDependency */ = {
			isa = PBXTargetDependency;
			target = BAEB44D61BB3A8B4008A9C88 /* ViewSample */;
			targetProxy = BAEB44EC1BB3A8B4008A9C88 /* PBXContainerItemProxy */;
		};
		BAEB44F81BB3A8B4008A9C88 /* PBXTargetDependency */ = {
			isa = PBXTargetDependency;
			target = BAEB44D61BB3A8B4008A9C88 /* ViewSample */;
			targetProxy = BAEB44F71BB3A8B4008A9C88 /* PBXContainerItemProxy */;
		};
/* End PBXTargetDependency section */

/* Begin PBXVariantGroup section */
		BAEB44DE1BB3A8B4008A9C88 /* Main.storyboard */ = {
			isa = PBXVariantGroup;
			children = (
				BAEB44DF1BB3A8B4008A9C88 /* Base */,
			);
			name = Main.storyboard;
			sourceTree = "<group>";
		};
		BAEB44E31BB3A8B4008A9C88 /* LaunchScreen.storyboard */ = {
			isa = PBXVariantGroup;
			children = (
				BAEB44E41BB3A8B4008A9C88 /* Base */,
			);
			name = LaunchScreen.storyboard;
			sourceTree = "<group>";
		};
/* End PBXVariantGroup section */

/* Begin XCBuildConfiguration section */
		BAEB44FD1BB3A8B4008A9C88 /* Debug */ = {
			isa = XCBuildConfiguration;
			buildSettings = {
				ALWAYS_SEARCH_USER_PATHS = NO;
				CLANG_CXX_LANGUAGE_STANDARD = "gnu++0x";
				CLANG_CXX_LIBRARY = "libc++";
				CLANG_ENABLE_MODULES = YES;
				CLANG_ENABLE_OBJC_ARC = YES;
				CLANG_WARN_BOOL_CONVERSION = YES;
				CLANG_WARN_CONSTANT_CONVERSION = YES;
				CLANG_WARN_DIRECT_OBJC_ISA_USAGE = YES_ERROR;
				CLANG_WARN_EMPTY_BODY = YES;
				CLANG_WARN_ENUM_CONVERSION = YES;
				CLANG_WARN_INT_CONVERSION = YES;
				CLANG_WARN_OBJC_ROOT_CLASS = YES_ERROR;
				CLANG_WARN_UNREACHABLE_CODE = YES;
				CLANG_WARN__DUPLICATE_METHOD_MATCH = YES;
				"CODE_SIGN_IDENTITY[sdk=iphoneos*]" = "iPhone Developer";
				COPY_PHASE_STRIP = NO;
				DEBUG_INFORMATION_FORMAT = dwarf;
				ENABLE_STRICT_OBJC_MSGSEND = YES;
				ENABLE_TESTABILITY = YES;
				GCC_C_LANGUAGE_STANDARD = gnu99;
				GCC_DYNAMIC_NO_PIC = NO;
				GCC_NO_COMMON_BLOCKS = YES;
				GCC_OPTIMIZATION_LEVEL = 0;
				GCC_PREPROCESSOR_DEFINITIONS = (
					"DEBUG=1",
					"$(inherited)",
				);
				GCC_WARN_64_TO_32_BIT_CONVERSION = YES;
				GCC_WARN_ABOUT_RETURN_TYPE = YES_ERROR;
				GCC_WARN_UNDECLARED_SELECTOR = YES;
				GCC_WARN_UNINITIALIZED_AUTOS = YES_AGGRESSIVE;
				GCC_WARN_UNUSED_FUNCTION = YES;
				GCC_WARN_UNUSED_VARIABLE = YES;
				IPHONEOS_DEPLOYMENT_TARGET = 9.0;
				MTL_ENABLE_DEBUG_INFO = YES;
				ONLY_ACTIVE_ARCH = YES;
				SDKROOT = iphoneos;
				SWIFT_OPTIMIZATION_LEVEL = "-Onone";
				TARGETED_DEVICE_FAMILY = "1,2";
			};
			name = Debug;
		};
		BAEB44FE1BB3A8B4008A9C88 /* Release */ = {
			isa = XCBuildConfiguration;
			buildSettings = {
				ALWAYS_SEARCH_USER_PATHS = NO;
				CLANG_CXX_LANGUAGE_STANDARD = "gnu++0x";
				CLANG_CXX_LIBRARY = "libc++";
				CLANG_ENABLE_MODULES = YES;
				CLANG_ENABLE_OBJC_ARC = YES;
				CLANG_WARN_BOOL_CONVERSION = YES;
				CLANG_WARN_CONSTANT_CONVERSION = YES;
				CLANG_WARN_DIRECT_OBJC_ISA_USAGE = YES_ERROR;
				CLANG_WARN_EMPTY_BODY = YES;
				CLANG_WARN_ENUM_CONVERSION = YES;
				CLANG_WARN_INT_CONVERSION = YES;
				CLANG_WARN_OBJC_ROOT_CLASS = YES_ERROR;
				CLANG_WARN_UNREACHABLE_CODE = YES;
				CLANG_WARN__DUPLICATE_METHOD_MATCH = YES;
				"CODE_SIGN_IDENTITY[sdk=iphoneos*]" = "iPhone Developer";
				COPY_PHASE_STRIP = NO;
				DEBUG_INFORMATION_FORMAT = "dwarf-with-dsym";
				ENABLE_NS_ASSERTIONS = NO;
				ENABLE_STRICT_OBJC_MSGSEND = YES;
				GCC_C_LANGUAGE_STANDARD = gnu99;
				GCC_NO_COMMON_BLOCKS = YES;
				GCC_WARN_64_TO_32_BIT_CONVERSION = YES;
				GCC_WARN_ABOUT_RETURN_TYPE = YES_ERROR;
				GCC_WARN_UNDECLARED_SELECTOR = YES;
				GCC_WARN_UNINITIALIZED_AUTOS = YES_AGGRESSIVE;
				GCC_WARN_UNUSED_FUNCTION = YES;
				GCC_WARN_UNUSED_VARIABLE = YES;
				IPHONEOS_DEPLOYMENT_TARGET = 9.0;
				MTL_ENABLE_DEBUG_INFO = NO;
				SDKROOT = iphoneos;
				TARGETED_DEVICE_FAMILY = "1,2";
				VALIDATE_PRODUCT = YES;
			};
			name = Release;
		};
		BAEB45001BB3A8B4008A9C88 /* Debug */ = {
			isa = XCBuildConfiguration;
			buildSettings = {
				ASSETCATALOG_COMPILER_APPICON_NAME = AppIcon;
				CODE_SIGN_IDENTITY = "iPhone Developer";
				"CODE_SIGN_IDENTITY[sdk=iphoneos*]" = "iPhone Developer";
				INFOPLIST_FILE = ViewSample/Info.plist;
				LD_RUNPATH_SEARCH_PATHS = "$(inherited) @executable_path/Frameworks";
				PRODUCT_BUNDLE_IDENTIFIER = com.mycompany.ViewSample;
				PRODUCT_NAME = "$(TARGET_NAME)";
				PROVISIONING_PROFILE = "";
			};
			name = Debug;
		};
		BAEB45011BB3A8B4008A9C88 /* Release */ = {
			isa = XCBuildConfiguration;
			buildSettings = {
				ASSETCATALOG_COMPILER_APPICON_NAME = AppIcon;
				CODE_SIGN_IDENTITY = "iPhone Developer";
				"CODE_SIGN_IDENTITY[sdk=iphoneos*]" = "iPhone Developer";
				INFOPLIST_FILE = ViewSample/Info.plist;
				LD_RUNPATH_SEARCH_PATHS = "$(inherited) @executable_path/Frameworks";
				PRODUCT_BUNDLE_IDENTIFIER = com.mycompany.ViewSample;
				PRODUCT_NAME = "$(TARGET_NAME)";
				PROVISIONING_PROFILE = "";
			};
			name = Release;
		};
		BAEB45031BB3A8B4008A9C88 /* Debug */ = {
			isa = XCBuildConfiguration;
			buildSettings = {
				BUNDLE_LOADER = "$(TEST_HOST)";
				INFOPLIST_FILE = ViewSampleTests/Info.plist;
				LD_RUNPATH_SEARCH_PATHS = "$(inherited) @executable_path/Frameworks @loader_path/Frameworks";
				PRODUCT_BUNDLE_IDENTIFIER = com.mycompany.ViewSampleTests;
				PRODUCT_NAME = "$(TARGET_NAME)";
				TEST_HOST = "$(BUILT_PRODUCTS_DIR)/ViewSample.app/ViewSample";
			};
			name = Debug;
		};
		BAEB45041BB3A8B4008A9C88 /* Release */ = {
			isa = XCBuildConfiguration;
			buildSettings = {
				BUNDLE_LOADER = "$(TEST_HOST)";
				INFOPLIST_FILE = ViewSampleTests/Info.plist;
				LD_RUNPATH_SEARCH_PATHS = "$(inherited) @executable_path/Frameworks @loader_path/Frameworks";
				PRODUCT_BUNDLE_IDENTIFIER = com.mycompany.ViewSampleTests;
				PRODUCT_NAME = "$(TARGET_NAME)";
				TEST_HOST = "$(BUILT_PRODUCTS_DIR)/ViewSample.app/ViewSample";
			};
			name = Release;
		};
		BAEB45061BB3A8B4008A9C88 /* Debug */ = {
			isa = XCBuildConfiguration;
			buildSettings = {
				INFOPLIST_FILE = ViewSampleUITests/Info.plist;
				LD_RUNPATH_SEARCH_PATHS = "$(inherited) @executable_path/Frameworks @loader_path/Frameworks";
				PRODUCT_BUNDLE_IDENTIFIER = com.mycompany.ViewSampleUITests;
				PRODUCT_NAME = "$(TARGET_NAME)";
				TEST_TARGET_NAME = ViewSample;
				USES_XCTRUNNER = YES;
			};
			name = Debug;
		};
		BAEB45071BB3A8B4008A9C88 /* Release */ = {
			isa = XCBuildConfiguration;
			buildSettings = {
				INFOPLIST_FILE = ViewSampleUITests/Info.plist;
				LD_RUNPATH_SEARCH_PATHS = "$(inherited) @executable_path/Frameworks @loader_path/Frameworks";
				PRODUCT_BUNDLE_IDENTIFIER = com.mycompany.ViewSampleUITests;
				PRODUCT_NAME = "$(TARGET_NAME)";
				TEST_TARGET_NAME = ViewSample;
				USES_XCTRUNNER = YES;
			};
			name = Release;
		};
/* End XCBuildConfiguration section */

/* Begin XCConfigurationList section */
		BAEB44D21BB3A8B3008A9C88 /* Build configuration list for PBXProject "ViewSample" */ = {
			isa = XCConfigurationList;
			buildConfigurations = (
				BAEB44FD1BB3A8B4008A9C88 /* Debug */,
				BAEB44FE1BB3A8B4008A9C88 /* Release */,
			);
			defaultConfigurationIsVisible = 0;
			defaultConfigurationName = Release;
		};
		BAEB44FF1BB3A8B4008A9C88 /* Build configuration list for PBXNativeTarget "ViewSample" */ = {
			isa = XCConfigurationList;
			buildConfigurations = (
				BAEB45001BB3A8B4008A9C88 /* Debug */,
				BAEB45011BB3A8B4008A9C88 /* Release */,
			);
			defaultConfigurationIsVisible = 0;
			defaultConfigurationName = Release;
		};
		BAEB45021BB3A8B4008A9C88 /* Build configuration list for PBXNativeTarget "ViewSampleTests" */ = {
			isa = XCConfigurationList;
			buildConfigurations = (
				BAEB45031BB3A8B4008A9C88 /* Debug */,
				BAEB45041BB3A8B4008A9C88 /* Release */,
			);
			defaultConfigurationIsVisible = 0;
			defaultConfigurationName = Release;
		};
		BAEB45051BB3A8B4008A9C88 /* Build configuration list for PBXNativeTarget "ViewSampleUITests" */ = {
			isa = XCConfigurationList;
			buildConfigurations = (
				BAEB45061BB3A8B4008A9C88 /* Debug */,
				BAEB45071BB3A8B4008A9C88 /* Release */,
			);
			defaultConfigurationIsVisible = 0;
			defaultConfigurationName = Release;
		};
/* End XCConfigurationList section */
	};
	rootObject = BAEB44CF1BB3A8B3008A9C88 /* Project object */;
}
